
Microsoft Visual Studio Solution File, Format Version 12.00
# Visual Studio 15
VisualStudioVersion = 15.0.27004.2005
MinimumVisualStudioVersion = 10.0.40219.1
Project("{FAE04EC0-301F-11D3-BF4B-00C04F79EFBC}") = "AngularAPIPull", "AngularAPIPull\AngularAPIPull.csproj", "{9241B558-0A8A-4618-869C-11A6B7C490DE}"
EndProject
Global
	GlobalSection(SolutionConfigurationPlatforms) = preSolution
		Debug|Any CPU = Debug|Any CPU
		Release|Any CPU = Release|Any CPU
	EndGlobalSection
	GlobalSection(ProjectConfigurationPlatforms) = postSolution
		{9241B558-0A8A-4618-869C-11A6B7C490DE}.Debug|Any CPU.ActiveCfg = Debug|Any CPU
		{9241B558-0A8A-4618-869C-11A6B7C490DE}.Debug|Any CPU.Build.0 = Debug|Any CPU
		{9241B558-0A8A-4618-869C-11A6B7C490DE}.Release|Any CPU.ActiveCfg = Release|Any CPU
		{9241B558-0A8A-4618-869C-11A6B7C490DE}.Release|Any CPU.Build.0 = Release|Any CPU
	EndGlobalSection
	GlobalSection(SolutionProperties) = preSolution
		HideSolutionNode = FALSE
	EndGlobalSection
	GlobalSection(ExtensibilityGlobals) = postSolution
		SolutionGuid = {CD895771-33C7-4C4C-8288-C2F88876A414}
	EndGlobalSection
EndGlobal
